
Microsoft Visual Studio Solution File, Format Version 12.00
# Visual Studio 15
VisualStudioVersion = 15.0.27004.2006
MinimumVisualStudioVersion = 10.0.40219.1
Project("{FAE04EC0-301F-11D3-BF4B-00C04F79EFBC}") = "UniRx.SystemReactive", "UniRx.SystemReactive\UniRx.SystemReactive.csproj", "{21C57E17-D4B8-4DA4-A6A2-07D8B2E5B3BD}"
EndProject
Project("{9A19103F-16F7-4668-BE54-9A1E7A4F7556}") = "UniRx.SystemReactive.TypeForwarding", "UniRx.SystemReactive.TypeForwarding\UniRx.SystemReactive.TypeForwarding.csproj", "{527F70C8-6D58-478F-8498-2F88C138AEBE}"
EndProject
Project("{9A19103F-16F7-4668-BE54-9A1E7A4F7556}") = "UniRx.SystemReactive.Unity", "UniRx.SystemReactive.Unity\UniRx.SystemReactive.Unity.csproj", "{06D44A7D-5FF2-4CE0-9FB8-B0EE23A9F46C}"
EndProject
Project("{2150E333-8FDC-42A3-9474-1A3956D46DE8}") = "UniRx.SystemReactive.MergeAnalyzer", "UniRx.SystemReactive.MergeAnalyzer", "{E045467D-D4BF-4144-B329-E5E9B5749F5E}"
EndProject
Project("{FAE04EC0-301F-11D3-BF4B-00C04F79EFBC}") = "UniRx.SystemReactive.MergeAnalyzer", "UniRx.SystemReactive.MergeAnalyzer\UniRx.SystemReactive.MergeAnalyzer\UniRx.SystemReactive.MergeAnalyzer.csproj", "{97B2DF02-B3EE-487D-88FD-3E6E8C5F5236}"
EndProject
Project("{FAE04EC0-301F-11D3-BF4B-00C04F79EFBC}") = "UniRx.SystemReactive.MergeAnalyzer.Test", "UniRx.SystemReactive.MergeAnalyzer\UniRx.SystemReactive.MergeAnalyzer.Test\UniRx.SystemReactive.MergeAnalyzer.Test.csproj", "{FF9A392C-96B5-4D71-8BB4-166DB3021F01}"
EndProject
Project("{9A19103F-16F7-4668-BE54-9A1E7A4F7556}") = "UniRx.SystemReactive.ForwardingToMerge", "UniRx.SystemReactive.ForwardingToMerge\UniRx.SystemReactive.ForwardingToMerge.csproj", "{F49B302F-A96A-41AA-8CA7-E7F08379C051}"
EndProject
Global
	GlobalSection(SolutionConfigurationPlatforms) = preSolution
		Debug|Any CPU = Debug|Any CPU
		Release|Any CPU = Release|Any CPU
	EndGlobalSection
	GlobalSection(ProjectConfigurationPlatforms) = postSolution
		{21C57E17-D4B8-4DA4-A6A2-07D8B2E5B3BD}.Debug|Any CPU.ActiveCfg = Debug|Any CPU
		{21C57E17-D4B8-4DA4-A6A2-07D8B2E5B3BD}.Debug|Any CPU.Build.0 = Debug|Any CPU
		{21C57E17-D4B8-4DA4-A6A2-07D8B2E5B3BD}.Release|Any CPU.ActiveCfg = Release|Any CPU
		{21C57E17-D4B8-4DA4-A6A2-07D8B2E5B3BD}.Release|Any CPU.Build.0 = Release|Any CPU
		{527F70C8-6D58-478F-8498-2F88C138AEBE}.Debug|Any CPU.ActiveCfg = Debug|Any CPU
		{527F70C8-6D58-478F-8498-2F88C138AEBE}.Debug|Any CPU.Build.0 = Debug|Any CPU
		{527F70C8-6D58-478F-8498-2F88C138AEBE}.Release|Any CPU.ActiveCfg = Release|Any CPU
		{527F70C8-6D58-478F-8498-2F88C138AEBE}.Release|Any CPU.Build.0 = Release|Any CPU
		{06D44A7D-5FF2-4CE0-9FB8-B0EE23A9F46C}.Debug|Any CPU.ActiveCfg = Debug|Any CPU
		{06D44A7D-5FF2-4CE0-9FB8-B0EE23A9F46C}.Debug|Any CPU.Build.0 = Debug|Any CPU
		{06D44A7D-5FF2-4CE0-9FB8-B0EE23A9F46C}.Release|Any CPU.ActiveCfg = Release|Any CPU
		{06D44A7D-5FF2-4CE0-9FB8-B0EE23A9F46C}.Release|Any CPU.Build.0 = Release|Any CPU
		{97B2DF02-B3EE-487D-88FD-3E6E8C5F5236}.Debug|Any CPU.ActiveCfg = Debug|Any CPU
		{97B2DF02-B3EE-487D-88FD-3E6E8C5F5236}.Debug|Any CPU.Build.0 = Debug|Any CPU
		{97B2DF02-B3EE-487D-88FD-3E6E8C5F5236}.Release|Any CPU.ActiveCfg = Release|Any CPU
		{97B2DF02-B3EE-487D-88FD-3E6E8C5F5236}.Release|Any CPU.Build.0 = Release|Any CPU
		{FF9A392C-96B5-4D71-8BB4-166DB3021F01}.Debug|Any CPU.ActiveCfg = Debug|Any CPU
		{FF9A392C-96B5-4D71-8BB4-166DB3021F01}.Debug|Any CPU.Build.0 = Debug|Any CPU
		{FF9A392C-96B5-4D71-8BB4-166DB3021F01}.Release|Any CPU.ActiveCfg = Release|Any CPU
		{FF9A392C-96B5-4D71-8BB4-166DB3021F01}.Release|Any CPU.Build.0 = Release|Any CPU
		{F49B302F-A96A-41AA-8CA7-E7F08379C051}.Debug|Any CPU.ActiveCfg = Debug|Any CPU
		{F49B302F-A96A-41AA-8CA7-E7F08379C051}.Debug|Any CPU.Build.0 = Debug|Any CPU
		{F49B302F-A96A-41AA-8CA7-E7F08379C051}.Release|Any CPU.ActiveCfg = Release|Any CPU
		{F49B302F-A96A-41AA-8CA7-E7F08379C051}.Release|Any CPU.Build.0 = Release|Any CPU
	EndGlobalSection
	GlobalSection(SolutionProperties) = preSolution
		HideSolutionNode = FALSE
	EndGlobalSection
	GlobalSection(NestedProjects) = preSolution
		{97B2DF02-B3EE-487D-88FD-3E6E8C5F5236} = {E045467D-D4BF-4144-B329-E5E9B5749F5E}
		{FF9A392C-96B5-4D71-8BB4-166DB3021F01} = {E045467D-D4BF-4144-B329-E5E9B5749F5E}
	EndGlobalSection
	GlobalSection(ExtensibilityGlobals) = postSolution
		SolutionGuid = {06B3A6A8-15EF-4521-B8C1-0EE4B69BD533}
	EndGlobalSection
EndGlobal
